
Microsoft Visual Studio Solution File, Format Version 12.00
# Visual Studio Version 17
VisualStudioVersion = 17.11.35222.181
MinimumVisualStudioVersion = 10.0.40219.1
Project("{FAE04EC0-301F-11D3-BF4B-00C04F79EFBC}") = "Studenthanteringssystem", "Studenthanteringssystem\Studenthanteringssystem.csproj", "{71ABEB6C-E9CF-4648-A370-C52AF4D31DDB}"
EndProject
Global
	GlobalSection(SolutionConfigurationPlatforms) = preSolution
		Debug|Any CPU = Debug|Any CPU
		Release|Any CPU = Release|Any CPU
	EndGlobalSection
	GlobalSection(ProjectConfigurationPlatforms) = postSolution
		{71ABEB6C-E9CF-4648-A370-C52AF4D31DDB}.Debug|Any CPU.ActiveCfg = Debug|Any CPU
		{71ABEB6C-E9CF-4648-A370-C52AF4D31DDB}.Debug|Any CPU.Build.0 = Debug|Any CPU
		{71ABEB6C-E9CF-4648-A370-C52AF4D31DDB}.Release|Any CPU.ActiveCfg = Release|Any CPU
		{71ABEB6C-E9CF-4648-A370-C52AF4D31DDB}.Release|Any CPU.Build.0 = Release|Any CPU
	EndGlobalSection
	GlobalSection(SolutionProperties) = preSolution
		HideSolutionNode = FALSE
	EndGlobalSection
	GlobalSection(ExtensibilityGlobals) = postSolution
		SolutionGuid = {1E0F8412-F65F-465F-BED9-D92F36135419}
	EndGlobalSection
EndGlobal
